PODS:
  - Alamofire (4.9.1)
  - Alamofire-SwiftyJSON (3.0.0):
    - Alamofire (~> 4.5)
    - SwiftyJSON (~> 4.0.0)
  - EFQRCode (5.1.6):
    - EFQRCode/Core (= 5.1.6)
  - EFQRCode/Core (5.1.6)
  - EFQRCode/watchOS (5.1.6):
    - swift_qrcodejs (>= 1.1.1)
  - IQKeyboardManager (6.5.5)
  - Pageboy (3.6.1)
  - Randient (1.3.1)
  - SPAlert (2.1.4)
  - swift_qrcodejs (1.1.2)
  - SwiftyJSON (4.0.0)

DEPENDENCIES:
  - Alamofire
  - Alamofire-SwiftyJSON
  - EFQRCode (~> 5.1.6)
  - EFQRCode/watchOS (~> 5.1.6)
  - IQKeyboardManager
  - Pageboy (~> 3.6)
  - Randient
  - SPAlert
  - SwiftyJSON

SPEC REPOS:
  trunk:
    - Alamofire
    - Alamofire-SwiftyJSON
    - EFQRCode
    - IQKeyboardManager
    - Pageboy
    - Randient
    - SPAlert
    - swift_qrcodejs
    - SwiftyJSON

SPEC CHECKSUMS:
  Alamofire: 85e8a02c69d6020a0d734f6054870d7ecb75cf18
  Alamofire-SwiftyJSON: 2b3649d57dc7bb2880fb8b86f8bb969397666916
  EFQRCode: a7ea2e517912f5bf6ba258b631327a83cd8084a5
  IQKeyboardManager: 3a8b9e603f8b0eeaf5f096a1f2b2cfcf121992ef
  Pageboy: 29a2d474ad99404b4d77f325e0ab6d705930a4fb
  Randient: 854052b1f89544de25a971031b8e93b2a745cf37
  SPAlert: 1a8afa1c6ac86a82ab5b2cfdf7f9a51e68cb6c0c
  swift_qrcodejs: 4d024fc98b0778b804ec6a5c810880fd092aec9d
  SwiftyJSON: 070dabdcb1beb81b247c65ffa3a79dbbfb3b48aa

PODFILE CHECKSUM: 0bc337406689202eefd63abdac75b733c13320fc

COCOAPODS: 1.8.4
