PODS:
  - Alamofire (4.9.1)
  - Alamofire-SwiftyJSON (3.0.0):
    - Alamofire (~> 4.5)
    - SwiftyJSON (~> 4.0.0)
  - QRCode (2.0)
  - SwiftyJSON (4.0.0)

DEPENDENCIES:
  - Alamofire-SwiftyJSON
  - QRCode

SPEC REPOS:
  trunk:
    - Alamofire
    - Alamofire-SwiftyJSON
    - QRCode
    - SwiftyJSON

SPEC CHECKSUMS:
  Alamofire: 85e8a02c69d6020a0d734f6054870d7ecb75cf18
  Alamofire-SwiftyJSON: 2b3649d57dc7bb2880fb8b86f8bb969397666916
  QRCode: f98a1886c8f37523704a7512a4c0cd45b34c18a4
  SwiftyJSON: 070dabdcb1beb81b247c65ffa3a79dbbfb3b48aa

PODFILE CHECKSUM: 1d24d0f6f64e5eb4863d7fb1512c7bb465f79939

COCOAPODS: 1.8.4
